<?xml version="1.0" encoding="utf-8"?>
<Project ToolsVersion="4.0" xmlns="http://schemas.microsoft.com/developer/msbuild/2003">
  <ItemGroup>
    <Filter Include="Renderer">
      <UniqueIdentifier>{d81ebc32-6304-45f5-8a46-141c6c0984a7}</UniqueIdentifier>
    </Filter>
    <Filter Include="Game">
      <UniqueIdentifier>{23331e6e-ae3f-40b6-b3f0-d7253417469f}</UniqueIdentifier>
    </Filter>
    <Filter Include="Component">
      <UniqueIdentifier>{ae751a1d-85dc-4eeb-aa8f-bbf25ac6cc5a}</UniqueIdentifier>
    </Filter>
    <Filter Include="Shaders">
      <UniqueIdentifier>{70a203bb-e8a7-45f3-889a-0dab1a68153c}</UniqueIdentifier>
    </Filter>
  </ItemGroup>
  <ItemGroup>
    <ClCompile Include="src\main.cpp" />
    <ClCompile Include="src\Game\Game.cpp">
      <Filter>Game</Filter>
    </ClCompile>
    <ClCompile Include="src\Renderer\VertexArrayObject.cpp">
      <Filter>Renderer</Filter>
    </ClCompile>
    <ClCompile Include="src\Renderer\Quad.cpp">
      <Filter>Renderer</Filter>
    </ClCompile>
    <ClCompile Include="src\Game\Actor.cpp">
      <Filter>Game</Filter>
    </ClCompile>
    <ClCompile Include="src\Components\Component.cpp">
      <Filter>Component</Filter>
    </ClCompile>
    <ClCompile Include="src\Components\Transform.cpp">
      <Filter>Component</Filter>
    </ClCompile>
    <ClCompile Include="src\Components\Render.cpp">
      <Filter>Component</Filter>
    </ClCompile>
    <ClCompile Include="src\Renderer\Texture.cpp">
      <Filter>Renderer</Filter>
    </ClCompile>
    <ClCompile Include="src\Renderer\Renderer.cpp">
      <Filter>Renderer</Filter>
    </ClCompile>
    <ClCompile Include="src\Renderer\Shader.cpp">
      <Filter>Renderer</Filter>
    </ClCompile>
    <ClCompile Include="src\Components\Input.cpp">
      <Filter>Component</Filter>
    </ClCompile>
    <ClCompile Include="src\Components\Rigidbody.cpp">
      <Filter>Component</Filter>
    </ClCompile>
    <ClCompile Include="src\Components\Collider.cpp">
      <Filter>Component</Filter>
    </ClCompile>
    <ClCompile Include="src\Components\Camera.cpp">
      <Filter>Component</Filter>
    </ClCompile>
    <ClCompile Include="src\Game\Scene.cpp" />
    <ClCompile Include="src\Game\SceneNode.cpp" />
    <ClCompile Include="src\Components\Animation.cpp" />
    <ClCompile Include="src\Audio\Audio.cpp" />
  </ItemGroup>
  <ItemGroup>
    <ClInclude Include="src\Game\Game.h">
      <Filter>Game</Filter>
    </ClInclude>
    <ClInclude Include="src\Renderer\VertexArrayObject.h">
      <Filter>Renderer</Filter>
    </ClInclude>
    <ClInclude Include="src\Renderer\Quad.h">
      <Filter>Renderer</Filter>
    </ClInclude>
    <ClInclude Include="src\Game\Actor.h">
      <Filter>Game</Filter>
    </ClInclude>
    <ClInclude Include="src\Components\Component.h">
      <Filter>Component</Filter>
    </ClInclude>
    <ClInclude Include="src\Components\Transform.h">
      <Filter>Component</Filter>
    </ClInclude>
    <ClInclude Include="src\Components\Render.h">
      <Filter>Component</Filter>
    </ClInclude>
    <ClInclude Include="src\Renderer\Texture.h">
      <Filter>Renderer</Filter>
    </ClInclude>
    <ClInclude Include="src\Renderer\Renderer.h">
      <Filter>Renderer</Filter>
    </ClInclude>
    <ClInclude Include="src\Renderer\Shader.h">
      <Filter>Renderer</Filter>
    </ClInclude>
    <ClInclude Include="src\Components\Input.h">
      <Filter>Component</Filter>
    </ClInclude>
    <ClInclude Include="src\Components\Rigidbody.h">
      <Filter>Component</Filter>
    </ClInclude>
    <ClInclude Include="src\Components\Collider.h">
      <Filter>Component</Filter>
    </ClInclude>
    <ClInclude Include="src\Components\Camera.h">
      <Filter>Component</Filter>
    </ClInclude>
    <ClInclude Include="src\Game\Scene.h" />
    <ClInclude Include="src\Game\SceneNode.h" />
    <ClInclude Include="src\Components\Animation.h" />
    <ClInclude Include="src\Audio\Audio.h" />
  </ItemGroup>
  <ItemGroup>
    <None Include="Shaders\basic.vert">
      <Filter>Shaders</Filter>
    </None>
    <None Include="Shaders\basic.frag">
      <Filter>Shaders</Filter>
    </None>
    <None Include="Shaders\background.vert" />
    <None Include="Shaders\background.frag" />
    <None Include="ikpFlac.dll" />
    <None Include="ikpMP3.dll" />
    <None Include="irrKlang.dll" />
  </ItemGroup>
  <ItemGroup>
    <Image Include="Assets\mario.png" />
  </ItemGroup>
</Project>